lockfileVersion: 5.3

specifiers:
  '@rollup/plugin-typescript': '6'
  '@tinyhttp/app': ^2.0.16
  '@types/node': ^17.0.12
  c8: 7.11.0
  esbuild-node-loader: ^0.6.4
  rollup: ^2.66.1
  supertest-fetch: ^1.5.0
  tslib: ^2.3.1
  typescript: ^4.5.5
  uvu: ^0.5.3

devDependencies:
  '@rollup/plugin-typescript': 6.1.0_a652e97aea7ea04fb4c9edbfa5b475e6
  '@tinyhttp/app': 2.0.16
  '@types/node': 17.0.12
  c8: 7.11.0
  esbuild-node-loader: 0.6.4_typescript@4.5.5
  rollup: 2.66.1
  supertest-fetch: 1.5.0
  tslib: 2.3.1
  typescript: 4.5.5
  uvu: 0.5.3

packages:

  /@bcoe/v8-coverage/0.2.3:
    resolution: {integrity: sha512-0hYQ8SB4Db5zvZB4axdMHGwEaQjkZzFjQiN9LVYvIFB2nSUHW9tYpxWriPrWDASIxiaXax83REcLxuSdnGPZtw==}
    dev: true

  /@istanbuljs/schema/0.1.3:
    resolution: {integrity: sha512-ZXRY4jNvVgSVQ8DL3LTcakaAtXwTVUxE81hslsyD2AtoXW/wVob10HkOJ1X/pAlcI7D+2YoZKg5do8G/w6RYgA==}
    engines: {node: '>=8'}
    dev: true

  /@rollup/plugin-typescript/6.1.0_a652e97aea7ea04fb4c9edbfa5b475e6:
    resolution: {integrity: sha512-hJxaiE6WyNOsK+fZpbFh9CUijZYqPQuAOWO5khaGTUkM8DYNNyA2TDlgamecE+qLOG1G1+CwbWMAx3rbqpp6xQ==}
    engines: {node: '>=8.0.0'}
    peerDependencies:
      rollup: ^2.14.0
      tslib: '*'
      typescript: '>=3.4.0'
    dependencies:
      '@rollup/pluginutils': 3.1.0_rollup@2.66.1
      resolve: 1.22.0
      rollup: 2.66.1
      tslib: 2.3.1
      typescript: 4.5.5
    dev: true

  /@rollup/pluginutils/3.1.0_rollup@2.66.1:
    resolution: {integrity: sha512-GksZ6pr6TpIjHm8h9lSQ8pi8BE9VeubNT0OMJ3B5uZJ8pz73NPiqOtCog/x2/QzM1ENChPKxMDhiQuRHsqc+lg==}
    engines: {node: '>= 8.0.0'}
    peerDependencies:
      rollup: ^1.20.0||^2.0.0
    dependencies:
      '@types/estree': 0.0.39
      estree-walker: 1.0.1
      picomatch: 2.3.1
      rollup: 2.66.1
    dev: true

  /@tinyhttp/accepts/2.0.5:
    resolution: {integrity: sha512-Y3s/uJ+Ju+joEOniWCjNvLh+f+V30pdO3eWniQLEZUD07YK19NPzq4lUiJrFd/OveWA6axZa1rd8gcXCdOxxAg==}
    engines: {node: '>=12.4.0'}
    dependencies:
      es-mime-types: 0.1.4
      negotiator: 0.6.3
    dev: true

  /@tinyhttp/app/2.0.16:
    resolution: {integrity: sha512-wM02ZL1i0bvQQi2S2pgmalflN2dynfpZC6ZXeNz/AcAOP4uqASrAV0hF4ghlD/2zTu5vsApRRfba3Swjqwm4bw==}
    engines: {node: '>=12.x'}
    dependencies:
      '@tinyhttp/cookie': 2.0.3
      '@tinyhttp/proxy-addr': 2.0.3
      '@tinyhttp/req': 2.0.11
      '@tinyhttp/res': 2.0.12
      '@tinyhttp/router': 2.0.4
      header-range-parser: 1.1.1
      regexparam: 2.0.0
    dev: true

  /@tinyhttp/content-disposition/2.0.5:
    resolution: {integrity: sha512-glfgD8Ae1HwF7QntvD1jAr/ieHmGmU4drcH7AeXkK6uj/GyCSRw9yPgSfYqjBkEeP1hR19ZTDi5rrKMIFifesA==}
    engines: {node: '>=12.4.0'}
    dev: true

  /@tinyhttp/cookie-signature/2.0.2:
    resolution: {integrity: sha512-lyIdDzLILp6T2fymJn9zKBgXwlZMIUiqMUIEd4x/ZGFNvnNs/zeYDBQFdAygBtv4Bgl5Zpf6tN+e6fkj6TlMYQ==}
    engines: {node: '>=12.4.0'}
    dev: true

  /@tinyhttp/cookie/2.0.3:
    resolution: {integrity: sha512-ZHvDHyNc0VwKLgFqwCNbrMObJqJHKQNnMARdPlK2+VvKVB3h/ZT5kYAXYFxxWFJFNqXaXz0E7i2kX32bMeMGUw==}
    engines: {node: '>=12.4.0'}
    dev: true

  /@tinyhttp/encode-url/2.0.4:
    resolution: {integrity: sha512-vnofujyKQc5JlsqwSoQVskDIST0zmz8CRwckm/i1PFfvpMqRgzgbS1yFXhUNlb2ZDV4mKknCt6nf6drhJSVbuA==}
    engines: {node: '>=12.4.0'}
    dev: true

  /@tinyhttp/etag/2.0.2:
    resolution: {integrity: sha512-utxkv5skxWJESUAKZk7F11DcgBiE4vBXiPfnWZcGNZDa6T372V2ESUD2Y7fV85bsC1/4ZrnnmS7lg9Nd401oLw==}
    engines: {node: '>=12.4.0'}
    dev: true

  /@tinyhttp/forwarded/2.0.3:
    resolution: {integrity: sha512-K3309+ZuIL4nEAtBbXmigeuRbVYdDGiusT2niP/bSJbtrRhaGSIifYucEYPnOYiUzh+uxn0QpsOOjSKUCF4cXQ==}
    engines: {node: '>=12.4.0'}
    dev: true

  /@tinyhttp/proxy-addr/2.0.3:
    resolution: {integrity: sha512-Fm1DTq2k4fqdTwK+UQ+YR+0zwv2cIV1lIfaW/VYM6Za7vTJHAphilf5IPkjyBsdf9Fa/jDwHo8WCak6yI2I+jQ==}
    engines: {node: '>=12.4.0'}
    dependencies:
      '@tinyhttp/forwarded': 2.0.3
      ipaddr.js: 2.0.1
    dev: true

  /@tinyhttp/req/2.0.11:
    resolution: {integrity: sha512-Xaitcr2OKq0qqImG99jeDdH7wBEcCr0vkU/gogiCPRKwWp11vuXC0tKr8l4g8bKRK6dx/6thp8mFYnbhtJ8fKw==}
    engines: {node: '>=12.4.0'}
    dependencies:
      '@tinyhttp/accepts': 2.0.5
      '@tinyhttp/type-is': 2.0.4
      '@tinyhttp/url': 2.0.5
      es-fresh: 0.0.10
      header-range-parser: 1.1.1
    dev: true

  /@tinyhttp/res/2.0.12:
    resolution: {integrity: sha512-paHOddeGK4uaLknzrUWfPaRjMVTsrj9BjvNqEUOwtXS7OiIaD1Bm5pdlivD3wFz6h8uKXMKSj6nNKla4rOrmiQ==}
    engines: {node: '>=12.4.0'}
    dependencies:
      '@tinyhttp/content-disposition': 2.0.5
      '@tinyhttp/cookie': 2.0.3
      '@tinyhttp/cookie-signature': 2.0.2
      '@tinyhttp/encode-url': 2.0.4
      '@tinyhttp/req': 2.0.11
      '@tinyhttp/send': 2.0.3
      es-escape-html: 0.1.1
      es-mime-types: 0.1.4
      es-vary: 0.1.1
    dev: true

  /@tinyhttp/router/2.0.4:
    resolution: {integrity: sha512-mO8jWrB951UTkX8akzhHa5UMjQKleNhbQDnd4EZSA7VOXE9n28tqHmYgg1G/czDL6gwRl6Bppj5crJIbvMDGwg==}
    engines: {node: '>=12.4.0'}
    dev: true

  /@tinyhttp/send/2.0.3:
    resolution: {integrity: sha512-oU4Q6NJzXJeOVCdYbgtOFlq5viEpKUFkZVpbF5AqFD64yzPp2vX9MuiSVvrIzL9Ls2qR+OzWsrwuXIkKzjW+xg==}
    engines: {node: '>=12.4.0'}
    dependencies:
      '@tinyhttp/etag': 2.0.2
      es-content-type: 0.1.0
      es-mime-types: 0.1.4
    dev: true

  /@tinyhttp/type-is/2.0.4:
    resolution: {integrity: sha512-MpGt6ikISUVEhikmbv3tPgDNiy/9L3/WocR76bAIPp1JdyQlYqeQ1jCze5E3tPQ4gtTIb1rwdptHVBq4NkwwHw==}
    engines: {node: '>=12.4.0'}
    dependencies:
      es-content-type: 0.1.0
      es-mime-types: 0.1.4
    dev: true

  /@tinyhttp/url/2.0.5:
    resolution: {integrity: sha512-NXQAaUa7p5pgd1oUF5VuzLyqVVoMqNvraUI8QkSL0TlRSfgOVLg5PQ2xbk0TYU03SGwHm8w1ZBl9lymeJCLphg==}
    engines: {node: '>=12.4.0'}
    dev: true

  /@types/body-parser/1.19.2:
    resolution: {integrity: sha512-ALYone6pm6QmwZoAgeyNksccT9Q4AWZQ6PvfwR37GT6r6FWUPguq6sUmNGSMV2Wr761oQoBxwGGa6DR5o1DC9g==}
    dependencies:
      '@types/connect': 3.4.35
      '@types/node': 17.0.12
    dev: true

  /@types/connect/3.4.35:
    resolution: {integrity: sha512-cdeYyv4KWoEgpBISTxWvqYsVy444DOqehiF3fM3ne10AmJ62RSyNkUnxMJXHQWRQQX2eR94m5y1IZyDwBjV9FQ==}
    dependencies:
      '@types/node': 17.0.12
    dev: true

  /@types/estree/0.0.39:
    resolution: {integrity: sha512-EYNwp3bU+98cpU4lAWYYL7Zz+2gryWH1qbdDTidVd6hkiR6weksdbMadyXKXNPEkQFhXM+hVO9ZygomHXp+AIw==}
    dev: true

  /@types/express-serve-static-core/4.17.28:
    resolution: {integrity: sha512-P1BJAEAW3E2DJUlkgq4tOL3RyMunoWXqbSCygWo5ZIWTjUgN1YnaXWW4VWl/oc8vs/XoYibEGBKP0uZyF4AHig==}
    dependencies:
      '@types/node': 17.0.12
      '@types/qs': 6.9.7
      '@types/range-parser': 1.2.4
    dev: true

  /@types/express/4.17.13:
    resolution: {integrity: sha512-6bSZTPaTIACxn48l50SR+axgrqm6qXFIxrdAKaG6PaJk3+zuUr35hBlgT7vOmJcum+OEaIBLtHV/qloEAFITeA==}
    dependencies:
      '@types/body-parser': 1.19.2
      '@types/express-serve-static-core': 4.17.28
      '@types/qs': 6.9.7
      '@types/serve-static': 1.13.10
    dev: true

  /@types/istanbul-lib-coverage/2.0.4:
    resolution: {integrity: sha512-z/QT1XN4K4KYuslS23k62yDIDLwLFkzxOuMplDtObz0+y7VqJCaO2o+SPwHCvLFZh7xazvvoor2tA/hPz9ee7g==}
    dev: true

  /@types/mime/1.3.2:
    resolution: {integrity: sha512-YATxVxgRqNH6nHEIsvg6k2Boc1JHI9ZbH5iWFFv/MTkchz3b1ieGDa5T0a9RznNdI0KhVbdbWSN+KWWrQZRxTw==}
    dev: true

  /@types/node-fetch/2.5.12:
    resolution: {integrity: sha512-MKgC4dlq4kKNa/mYrwpKfzQMB5X3ee5U6fSprkKpToBqBmX4nFZL9cW5jl6sWn+xpRJ7ypWh2yyqqr8UUCstSw==}
    dependencies:
      '@types/node': 17.0.12
      form-data: 3.0.1
    dev: true

  /@types/node/17.0.12:
    resolution: {integrity: sha512-4YpbAsnJXWYK/fpTVFlMIcUIho2AYCi4wg5aNPrG1ng7fn/1/RZfCIpRCiBX+12RVa34RluilnvCqD+g3KiSiA==}
    dev: true

  /@types/qs/6.9.7:
    resolution: {integrity: sha512-FGa1F62FT09qcrueBA6qYTrJPVDzah9a+493+o2PCXsesWHIn27G98TsSMs3WPNbZIEj4+VJf6saSFpvD+3Zsw==}
    dev: true

  /@types/range-parser/1.2.4:
    resolution: {integrity: sha512-EEhsLsD6UsDM1yFhAvy0Cjr6VwmpMWqFBCb9w07wVugF7w9nfajxLuVmngTIpgS6svCnm6Vaw+MZhoDCKnOfsw==}
    dev: true

  /@types/serve-static/1.13.10:
    resolution: {integrity: sha512-nCkHGI4w7ZgAdNkrEu0bv+4xNV/XDqW+DydknebMOQwkpDGx8G+HTlj7R7ABI8i8nKxVw0wtKPi1D+lPOkh4YQ==}
    dependencies:
      '@types/mime': 1.3.2
      '@types/node': 17.0.12
    dev: true

  /ansi-regex/5.0.1:
    resolution: {integrity: sha512-quJQXlTSUGL2LH9SUXo8VwsY4soanhgo6LNSm84E1LBcE8s3O0wpdiRzyR9z/ZZJMlMWv37qOOb9pdJlMUEKFQ==}
    engines: {node: '>=8'}
    dev: true

  /ansi-styles/4.3.0:
    resolution: {integrity: sha512-zbB9rCJAT1rbjiVDb2hqKFHNYLxgtk8NURxZ3IZwD3F6NtxbXZQCnnSi1Lkx+IDohdPlFp222wVALIheZJQSEg==}
    engines: {node: '>=8'}
    dependencies:
      color-convert: 2.0.1
    dev: true

  /asynckit/0.4.0:
    resolution: {integrity: sha1-x57Zf380y48robyXkLzDZkdLS3k=}
    dev: true

  /balanced-match/1.0.2:
    resolution: {integrity: sha512-3oSeUO0TMV67hN1AmbXsK4yaqU7tjiHlbxRDZOpH0KW9+CeX4bRAaX0Anxt0tx2MrpRpWwQaPwIlISEJhYU5Pw==}
    dev: true

  /brace-expansion/1.1.11:
    resolution: {integrity: sha512-iCuPHDFgrHX7H2vEI/5xpz07zSHB00TpugqhmYtVmMO6518mCuRMoOYFldEBl0g187ufozdaHgWKcYFb61qGiA==}
    dependencies:
      balanced-match: 1.0.2
      concat-map: 0.0.1
    dev: true

  /c8/7.11.0:
    resolution: {integrity: sha512-XqPyj1uvlHMr+Y1IeRndC2X5P7iJzJlEJwBpCdBbq2JocXOgJfr+JVfJkyNMGROke5LfKrhSFXGFXnwnRJAUJw==}
    engines: {node: '>=10.12.0'}
    hasBin: true
    dependencies:
      '@bcoe/v8-coverage': 0.2.3
      '@istanbuljs/schema': 0.1.3
      find-up: 5.0.0
      foreground-child: 2.0.0
      istanbul-lib-coverage: 3.2.0
      istanbul-lib-report: 3.0.0
      istanbul-reports: 3.1.3
      rimraf: 3.0.2
      test-exclude: 6.0.0
      v8-to-istanbul: 8.1.1
      yargs: 16.2.0
      yargs-parser: 20.2.9
    dev: true

  /cliui/7.0.4:
    resolution: {integrity: sha512-OcRE68cOsVMXp1Yvonl/fzkQOyjLSu/8bhPDfQt0e0/Eb283TKP20Fs2MqoPsr9SwA595rRCA+QMzYc9nBP+JQ==}
    dependencies:
      string-width: 4.2.3
      strip-ansi: 6.0.1
      wrap-ansi: 7.0.0
    dev: true

  /color-convert/2.0.1:
    resolution: {integrity: sha512-RRECPsj7iu/xb5oKYcsFHSppFNnsj/52OVTRKb4zP5onXwVF3zVmmToNcOfGC+CRDpfK/U584fMg38ZHCaElKQ==}
    engines: {node: '>=7.0.0'}
    dependencies:
      color-name: 1.1.4
    dev: true

  /color-name/1.1.4:
    resolution: {integrity: sha512-dOy+3AuW3a2wNbZHIuMZpTcgjGuLU/uBL/ubcZF9OXbDo8ff4O8yVp5Bf0efS8uEoYo5q4Fx7dY9OgQGXgAsQA==}
    dev: true

  /combined-stream/1.0.8:
    resolution: {integrity: sha512-FQN4MRfuJeHf7cBbBMJFXhKSDq+2kAArBlmRBvcvFE5BB1HZKXtSFASDhdlz9zOYwxh8lDdnvmMOe/+5cdoEdg==}
    engines: {node: '>= 0.8'}
    dependencies:
      delayed-stream: 1.0.0
    dev: true

  /concat-map/0.0.1:
    resolution: {integrity: sha1-2Klr13/Wjfd5OnMDajug1UBdR3s=}
    dev: true

  /convert-source-map/1.8.0:
    resolution: {integrity: sha512-+OQdjP49zViI/6i7nIJpA8rAl4sV/JdPfU9nZs3VqOwGIgizICvuN2ru6fMd+4llL0tar18UYJXfZ/TWtmhUjA==}
    dependencies:
      safe-buffer: 5.1.2
    dev: true

  /cross-spawn/7.0.3:
    resolution: {integrity: sha512-iRDPJKUPVEND7dHPO8rkbOnPpyDygcDFtWjpeWNCgy8WP2rXcxXL8TskReQl6OrB2G7+UJrags1q15Fudc7G6w==}
    engines: {node: '>= 8'}
    dependencies:
      path-key: 3.1.1
      shebang-command: 2.0.0
      which: 2.0.2
    dev: true

  /delayed-stream/1.0.0:
    resolution: {integrity: sha1-3zrhmayt+31ECqrgsp4icrJOxhk=}
    engines: {node: '>=0.4.0'}
    dev: true

  /dequal/2.0.2:
    resolution: {integrity: sha512-q9K8BlJVxK7hQYqa6XISGmBZbtQQWVXSrRrWreHC94rMt1QL/Impruc+7p2CYSYuVIUr+YCt6hjrs1kkdJRTug==}
    engines: {node: '>=6'}
    dev: true

  /diff/5.0.0:
    resolution: {integrity: sha512-/VTCrvm5Z0JGty/BWHljh+BAiw3IK+2j87NGMu8Nwc/f48WoDAC395uomO9ZD117ZOBaHmkX1oyLvkVM/aIT3w==}
    engines: {node: '>=0.3.1'}
    dev: true

  /emoji-regex/8.0.0:
    resolution: {integrity: sha512-MSjYzcWNOA0ewAHpz0MxpYFvwg6yjy1NG3xteoqz644VCo/RPgnr1/GGt+ic3iJTzQ8Eu3TdM14SawnVUmGE6A==}
    dev: true

  /es-content-type/0.1.0:
    resolution: {integrity: sha512-DqWU9pSzhNlO10q+NQ/KebImLkKbwbcy0pSv3hNQfEpKFHsrqDJz2vajpZdq7nkiG9DoJcTh22oHGymp7XJd9g==}
    engines: {node: '>=12.x'}
    dev: true

  /es-escape-html/0.1.1:
    resolution: {integrity: sha512-yUx1o+8RsG7UlszmYPtks+dm6Lho2m8lgHMOsLJQsFI0R8XwUJwiMhM1M4E/S8QLeGyf6MkDV/pWgjQ0tdTSyQ==}
    engines: {node: '>=12.x'}
    dev: true

  /es-fresh/0.0.10:
    resolution: {integrity: sha512-/e5etUqtxj7JktALldpsDNC84DOHavN9PqojnTTGeX1M2/Q4/SF8d55d7AsB3n66WYS43hdBbn0sAllto5kSIg==}
    engines: {node: '>=12.x'}
    dev: true

  /es-mime-types/0.1.4:
    resolution: {integrity: sha512-rUrmfrUIHU/4ykYB+YH80LDiSpmn6sE/A9E8EsFZP4LCtf/PH+ju6d6goFJ8fsGf81pRtQn1cJSmp8JGA9YkfQ==}
    engines: {node: '>=12.x'}
    dependencies:
      mime-db: 1.51.0
    dev: true

  /es-vary/0.1.1:
    resolution: {integrity: sha512-4UOWrTu8lz5otSyWxcS0LbYz8WyYOEiWHGkBIu0VfhTsY+vtc7+fOSDHsxtEUBeu7mDnTwqsKg5NEXeq5Da1Hg==}
    engines: {node: '>=12.x'}
    dev: true

  /esbuild-android-arm64/0.14.13:
    resolution: {integrity: sha512-rhtwl+KJ3BzzXkK09N3/YbEF1i5WhriysJEStoeWNBzchx9hlmzyWmDGQQhu56HF78ua3JrVPyLOsdLGvtMvxQ==}
    cpu: [arm64]
    os: [android]
    requiresBuild: true
    dev: true
    optional: true

  /esbuild-darwin-64/0.14.13:
    resolution: {integrity: sha512-Fl47xIt5RMu50WIgMU93kwmUUJb+BPuL8R895n/aBNQqavS+KUMpLPoqKGABBV4myfx/fnAD/97X8Gt1C1YW6w==}
    cpu: [x64]
    os: [darwin]
    requiresBuild: true
    dev: true
    optional: true

  /esbuild-darwin-arm64/0.14.13:
    resolution: {integrity: sha512-UttqKRFXsWvuivcyAbFmo54vdkC9Me1ZYQNuoz/uBYDbkb2MgqKYG2+xoVKPBhLvhT0CKM5QGKD81flMH5BE6A==}
    cpu: [arm64]
    os: [darwin]
    requiresBuild: true
    dev: true
    optional: true

  /esbuild-freebsd-64/0.14.13:
    resolution: {integrity: sha512-dlIhPFSp29Yq2TPh7Cm3/4M0uKjlfvOylHVNCRvRNiOvDbBol6/NZ3kLisczms+Yra0rxVapBPN1oMbSMuts9g==}
    cpu: [x64]
    os: [freebsd]
    requiresBuild: true
    dev: true
    optional: true

  /esbuild-freebsd-arm64/0.14.13:
    resolution: {integrity: sha512-bNOHLu7Oq6RwaAMnwPbJ40DVGPl9GlAOnfH/dFZ792f8hFEbopkbtVzo1SU1jjfY3TGLWOgqHNWxPxx1N7Au+g==}
    cpu: [arm64]
    os: [freebsd]
    requiresBuild: true
    dev: true
    optional: true

  /esbuild-linux-32/0.14.13:
    resolution: {integrity: sha512-WzXyBx6zx16adGi7wPBvH2lRCBzYMcqnBRrJ8ciLIqYyruGvprZocX1nFWfiexjLcFxIElWnMNPX6LG7ULqyXA==}
    cpu: [ia32]
    os: [linux]
    requiresBuild: true
    dev: true
    optional: true

  /esbuild-linux-64/0.14.13:
    resolution: {integrity: sha512-P6OFAfcoUvE7g9h/0UKm3qagvTovwqpCF1wbFLWe/BcCY8BS1bR/+SxUjCeKX2BcpIsg4/43ezHDE/ntg/iOpw==}
    cpu: [x64]
    os: [linux]
    requiresBuild: true
    dev: true
    optional: true

  /esbuild-linux-arm/0.14.13:
    resolution: {integrity: sha512-4jmm0UySCg3Wi6FEBS7jpiPb1IyckI5um5kzYRwulHxPzkiokd6cgpcsTakR4/Y84UEicS8LnFAghHhXHZhbFg==}
    cpu: [arm]
    os: [linux]
    requiresBuild: true
    dev: true
    optional: true

  /esbuild-linux-arm64/0.14.13:
    resolution: {integrity: sha512-k/uIvmkm4mc7vyMvJVwILgGxi2F+FuvLdmESIIWoHrnxEfEekC5AWpI/R6GQ2OMfp8snebSQLs8KL05QPnt1zA==}
    cpu: [arm64]
    os: [linux]
    requiresBuild: true
    dev: true
    optional: true

  /esbuild-linux-mips64le/0.14.13:
    resolution: {integrity: sha512-vwYtgjQ1TRlUGL88km9wH9TjXsdZyZ/Xht1ASptg5XGRlqGquVjLGH11PfLLunoMdkQ0YTXR68b4l5gRfjVbyg==}
    cpu: [mips64el]
    os: [linux]
    requiresBuild: true
    dev: true
    optional: true

  /esbuild-linux-ppc64le/0.14.13:
    resolution: {integrity: sha512-0KqDSIkZaYugtcdpFCd3eQ38Fg6TzhxmOpkhDIKNTwD/W2RoXeiS+Z4y5yQ3oysb/ySDOxWkwNqTdXS4sz2LdQ==}
    cpu: [ppc64]
    os: [linux]
    requiresBuild: true
    dev: true
    optional: true

  /esbuild-linux-s390x/0.14.13:
    resolution: {integrity: sha512-bG20i7d0CN97fwPN9LaLe64E2IrI0fPZWEcoiff9hzzsvo/fQCx0YjMbPC2T3gqQ48QZRltdU9hQilTjHk3geQ==}
    cpu: [s390x]
    os: [linux]
    requiresBuild: true
    dev: true
    optional: true

  /esbuild-netbsd-64/0.14.13:
    resolution: {integrity: sha512-jz96PQb0ltqyqLggPpcRbWxzLvWHvrZBHZQyjcOzKRDqg1fR/R1y10b1Cuv84xoIbdAf+ceNUJkMN21FfR9G2g==}
    cpu: [x64]
    os: [netbsd]
    requiresBuild: true
    dev: true
    optional: true

  /esbuild-node-loader/0.6.4_typescript@4.5.5:
    resolution: {integrity: sha512-7Esvc3CWHf+DcXHX+VdIl91s4hPs83wV/DqDbjrR2q5gKjnR4O7NCX2Hw7QVYd8h5Pzc7fIV2z12SMqAcHIyJg==}
    peerDependencies:
      typescript: ^4.0
    dependencies:
      esbuild: 0.14.13
      typescript: 4.5.5
    dev: true

  /esbuild-openbsd-64/0.14.13:
    resolution: {integrity: sha512-bp6zSo3kDCXKPM5MmVUg6DEpt+yXDx37iDGzNTn3Kf9xh6d0cdITxUC4Bx6S3Di79GVYubWs+wNjSRVFIJpryw==}
    cpu: [x64]
    os: [openbsd]
    requiresBuild: true
    dev: true
    optional: true

  /esbuild-sunos-64/0.14.13:
    resolution: {integrity: sha512-08Fne1T9QHYxUnu55sV9V4i/yECADOaI1zMGET2YUa8SRkib10i80hc89U7U/G02DxpN/KUJMWEGq2wKTn0QFQ==}
    cpu: [x64]
    os: [sunos]
    requiresBuild: true
    dev: true
    optional: true

  /esbuild-windows-32/0.14.13:
    resolution: {integrity: sha512-MW3BMIi9+fzTyDdljH0ftfT/qlD3t+aVzle1O+zZ2MgHRMQD20JwWgyqoJXhe6uDVyunrAUbcjH3qTIEZN3isg==}
    cpu: [ia32]
    os: [win32]
    requiresBuild: true
    dev: true
    optional: true

  /esbuild-windows-64/0.14.13:
    resolution: {integrity: sha512-d7+0N+EOgBKdi/nMxlQ8QA5xHBlpcLtSrYnHsA+Xp4yZk28dYfRw1+embsHf5uN5/1iPvrJwPrcpgDH1xyy4JA==}
    cpu: [x64]
    os: [win32]
    requiresBuild: true
    dev: true
    optional: true

  /esbuild-windows-arm64/0.14.13:
    resolution: {integrity: sha512-oX5hmgXk9yNKbb5AxThzRQm/E9kiHyDll7JJeyeT1fuGENTifv33f0INCpjBQ+Ty5ChKc84++ZQTEBwLCA12Kw==}
    cpu: [arm64]
    os: [win32]
    requiresBuild: true
    dev: true
    optional: true

  /esbuild/0.14.13:
    resolution: {integrity: sha512-FIxvAdj3i2oHA6ex+E67bG7zlSTO+slt8kU2ogHDgGtrQLy2HNChv3PYjiFTYkt8hZbEAniZCXVeHn+FrHt7dA==}
    hasBin: true
    requiresBuild: true
    optionalDependencies:
      esbuild-android-arm64: 0.14.13
      esbuild-darwin-64: 0.14.13
      esbuild-darwin-arm64: 0.14.13
      esbuild-freebsd-64: 0.14.13
      esbuild-freebsd-arm64: 0.14.13
      esbuild-linux-32: 0.14.13
      esbuild-linux-64: 0.14.13
      esbuild-linux-arm: 0.14.13
      esbuild-linux-arm64: 0.14.13
      esbuild-linux-mips64le: 0.14.13
      esbuild-linux-ppc64le: 0.14.13
      esbuild-linux-s390x: 0.14.13
      esbuild-netbsd-64: 0.14.13
      esbuild-openbsd-64: 0.14.13
      esbuild-sunos-64: 0.14.13
      esbuild-windows-32: 0.14.13
      esbuild-windows-64: 0.14.13
      esbuild-windows-arm64: 0.14.13
    dev: true

  /escalade/3.1.1:
    resolution: {integrity: sha512-k0er2gUkLf8O0zKJiAhmkTnJlTvINGv7ygDNPbeIsX/TJjGJZHuh9B2UxbsaEkmlEo9MfhrSzmhIlhRlI2GXnw==}
    engines: {node: '>=6'}
    dev: true

  /estree-walker/1.0.1:
    resolution: {integrity: sha512-1fMXF3YP4pZZVozF8j/ZLfvnR8NSIljt56UhbZ5PeeDmmGHpgpdwQt7ITlGvYaQukCvuBRMLEiKiYC+oeIg4cg==}
    dev: true

  /find-up/5.0.0:
    resolution: {integrity: sha512-78/PXT1wlLLDgTzDs7sjq9hzz0vXD+zn+7wypEe4fXQxCmdmqfGsEPQxmiCSQI3ajFV91bVSsvNtrJRiW6nGng==}
    engines: {node: '>=10'}
    dependencies:
      locate-path: 6.0.0
      path-exists: 4.0.0
    dev: true

  /foreground-child/2.0.0:
    resolution: {integrity: sha512-dCIq9FpEcyQyXKCkyzmlPTFNgrCzPudOe+mhvJU5zAtlBnGVy2yKxtfsxK2tQBThwq225jcvBjpw1Gr40uzZCA==}
    engines: {node: '>=8.0.0'}
    dependencies:
      cross-spawn: 7.0.3
      signal-exit: 3.0.6
    dev: true

  /form-data/3.0.1:
    resolution: {integrity: sha512-RHkBKtLWUVwd7SqRIvCZMEvAMoGUp0XU+seQiZejj0COz3RI3hWP4sCv3gZWWLjJTd7rGwcsF5eKZGii0r/hbg==}
    engines: {node: '>= 6'}
    dependencies:
      asynckit: 0.4.0
      combined-stream: 1.0.8
      mime-types: 2.1.34
    dev: true

  /fs.realpath/1.0.0:
    resolution: {integrity: sha1-FQStJSMVjKpA20onh8sBQRmU6k8=}
    dev: true

  /fsevents/2.3.2:
    resolution: {integrity: sha512-xiqMQR4xAeHTuB9uWm+fFRcIOgKBMiOBP+eXiyT7jsgVCq1bkVygt00oASowB7EdtpOHaaPgKt812P9ab+DDKA==}
    engines: {node: ^8.16.0 || ^10.6.0 || >=11.0.0}
    os: [darwin]
    requiresBuild: true
    dev: true
    optional: true

  /function-bind/1.1.1:
    resolution: {integrity: sha512-yIovAzMX49sF8Yl58fSCWJ5svSLuaibPxXQJFLmBObTuCr0Mf1KiPopGM9NiFjiYBCbfaa2Fh6breQ6ANVTI0A==}
    dev: true

  /get-caller-file/2.0.5:
    resolution: {integrity: sha512-DyFP3BM/3YHTQOCUL/w0OZHR0lpKeGrxotcHWcqNEdnltqFwXVfhEBQ94eIo34AfQpo0rGki4cyIiftY06h2Fg==}
    engines: {node: 6.* || 8.* || >= 10.*}
    dev: true

  /glob/7.2.0:
    resolution: {integrity: sha512-lmLf6gtyrPq8tTjSmrO94wBeQbFR3HbLHbuyD69wuyQkImp2hWqMGB47OX65FBkPffO641IP9jWa1z4ivqG26Q==}
    dependencies:
      fs.realpath: 1.0.0
      inflight: 1.0.6
      inherits: 2.0.4
      minimatch: 3.0.4
      once: 1.4.0
      path-is-absolute: 1.0.1
    dev: true

  /has-flag/4.0.0:
    resolution: {integrity: sha512-EykJT/Q1KjTWctppgIAgfSO0tKVuZUjhgMr17kqTumMl6Afv3EISleU7qZUzoXDFTAHTDC4NOoG/ZxU3EvlMPQ==}
    engines: {node: '>=8'}
    dev: true

  /has/1.0.3:
    resolution: {integrity: sha512-f2dvO0VU6Oej7RkWJGrehjbzMAjFp5/VKPp5tTpWIV4JHHZK1/BxbFRtf/siA2SWTe09caDmVtYYzWEIbBS4zw==}
    engines: {node: '>= 0.4.0'}
    dependencies:
      function-bind: 1.1.1
    dev: true

  /header-range-parser/1.1.1:
    resolution: {integrity: sha512-aVuAHdlgxPCMkOtKTdUoH72eAHEAqmZqA+oQxvDv1DkYS50KgCt218AYd89/+Pd7+TFQimzn/9LNVfUPEBbRDQ==}
    engines: {node: '>=12.22.0'}
    dev: true

  /html-escaper/2.0.2:
    resolution: {integrity: sha512-H2iMtd0I4Mt5eYiapRdIDjp+XzelXQ0tFE4JS7YFwFevXXMmOp9myNrUvCg0D6ws8iqkRPBfKHgbwig1SmlLfg==}
    dev: true

  /inflight/1.0.6:
    resolution: {integrity: sha1-Sb1jMdfQLQwJvJEKEHW6gWW1bfk=}
    dependencies:
      once: 1.4.0
      wrappy: 1.0.2
    dev: true

  /inherits/2.0.4:
    resolution: {integrity: sha512-k/vGaX4/Yla3WzyMCvTQOXYeIHvqOKtnqBduzTHpzpQZzAskKMhZ2K+EnBiSM9zGSoIFeMpXKxa4dYeZIQqewQ==}
    dev: true

  /ipaddr.js/2.0.1:
    resolution: {integrity: sha512-1qTgH9NG+IIJ4yfKs2e6Pp1bZg8wbDbKHT21HrLIeYBTRLgMYKnMTPAuI3Lcs61nfx5h1xlXnbJtH1kX5/d/ng==}
    engines: {node: '>= 10'}
    dev: true

  /is-core-module/2.8.1:
    resolution: {integrity: sha512-SdNCUs284hr40hFTFP6l0IfZ/RSrMXF3qgoRHd3/79unUTvrFO/JoXwkGm+5J/Oe3E/b5GsnG330uUNgRpu1PA==}
    dependencies:
      has: 1.0.3
    dev: true

  /is-fullwidth-code-point/3.0.0:
    resolution: {integrity: sha512-zymm5+u+sCsSWyD9qNaejV3DFvhCKclKdizYaJUuHA83RLjb7nSuGnddCHGv0hk+KY7BMAlsWeK4Ueg6EV6XQg==}
    engines: {node: '>=8'}
    dev: true

  /isexe/2.0.0:
    resolution: {integrity: sha1-6PvzdNxVb/iUehDcsFctYz8s+hA=}
    dev: true

  /istanbul-lib-coverage/3.2.0:
    resolution: {integrity: sha512-eOeJ5BHCmHYvQK7xt9GkdHuzuCGS1Y6g9Gvnx3Ym33fz/HpLRYxiS0wHNr+m/MBC8B647Xt608vCDEvhl9c6Mw==}
    engines: {node: '>=8'}
    dev: true

  /istanbul-lib-report/3.0.0:
    resolution: {integrity: sha512-wcdi+uAKzfiGT2abPpKZ0hSU1rGQjUQnLvtY5MpQ7QCTahD3VODhcu4wcfY1YtkGaDD5yuydOLINXsfbus9ROw==}
    engines: {node: '>=8'}
    dependencies:
      istanbul-lib-coverage: 3.2.0
      make-dir: 3.1.0
      supports-color: 7.2.0
    dev: true

  /istanbul-reports/3.1.3:
    resolution: {integrity: sha512-x9LtDVtfm/t1GFiLl3NffC7hz+I1ragvgX1P/Lg1NlIagifZDKUkuuaAxH/qpwj2IuEfD8G2Bs/UKp+sZ/pKkg==}
    engines: {node: '>=8'}
    dependencies:
      html-escaper: 2.0.2
      istanbul-lib-report: 3.0.0
    dev: true

  /kleur/4.1.4:
    resolution: {integrity: sha512-8QADVssbrFjivHWQU7KkMgptGTl6WAcSdlbBPY4uNF+mWr6DGcKrvY2w4FQJoXch7+fKMjj0dRrL75vk3k23OA==}
    engines: {node: '>=6'}
    dev: true

  /locate-path/6.0.0:
    resolution: {integrity: sha512-iPZK6eYjbxRu3uB4/WZ3EsEIMJFMqAoopl3R+zuq0UjcAm/MO6KCweDgPfP3elTztoKP3KtnVHxTn2NHBSDVUw==}
    engines: {node: '>=10'}
    dependencies:
      p-locate: 5.0.0
    dev: true

  /make-dir/3.1.0:
    resolution: {integrity: sha512-g3FeP20LNwhALb/6Cz6Dd4F2ngze0jz7tbzrD2wAV+o9FeNHe4rL+yK2md0J/fiSf1sa1ADhXqi5+oVwOM/eGw==}
    engines: {node: '>=8'}
    dependencies:
      semver: 6.3.0
    dev: true

  /mime-db/1.51.0:
    resolution: {integrity: sha512-5y8A56jg7XVQx2mbv1lu49NR4dokRnhZYTtL+KGfaa27uq4pSTXkwQkFJl4pkRMyNFz/EtYDSkiiEHx3F7UN6g==}
    engines: {node: '>= 0.6'}
    dev: true

  /mime-types/2.1.34:
    resolution: {integrity: sha512-6cP692WwGIs9XXdOO4++N+7qjqv0rqxxVvJ3VHPh/Sc9mVZcQP+ZGhkKiTvWMQRr2tbHkJP/Yn7Y0npb3ZBs4A==}
    engines: {node: '>= 0.6'}
    dependencies:
      mime-db: 1.51.0
    dev: true

  /minimatch/3.0.4:
    resolution: {integrity: sha512-yJHVQEhyqPLUTgt9B83PXu6W3rx4MvvHvSUvToogpwoGDOUQ+yDrR0HRot+yOCdCO7u4hX3pWft6kWBBcqh0UA==}
    dependencies:
      brace-expansion: 1.1.11
    dev: true

  /mri/1.2.0:
    resolution: {integrity: sha512-tzzskb3bG8LvYGFF/mDTpq3jpI6Q9wc3LEmBaghu+DdCssd1FakN7Bc0hVNmEyGq1bq3RgfkCb3cmQLpNPOroA==}
    engines: {node: '>=4'}
    dev: true

  /negotiator/0.6.3:
    resolution: {integrity: sha512-+EUsqGPLsM+j/zdChZjsnX51g4XrHFOIXwfnCVPGlQk/k5giakcKsuxCObBRu6DSm9opw/O6slWbJdghQM4bBg==}
    engines: {node: '>= 0.6'}
    dev: true

  /node-fetch/2.6.7:
    resolution: {integrity: sha512-ZjMPFEfVx5j+y2yF35Kzx5sF7kDzxuDj6ziH4FFbOp87zKDZNx8yExJIb05OGF4Nlt9IHFIMBkRl41VdvcNdbQ==}
    engines: {node: 4.x || >=6.0.0}
    peerDependencies:
      encoding: ^0.1.0
    peerDependenciesMeta:
      encoding:
        optional: true
    dependencies:
      whatwg-url: 5.0.0
    dev: true

  /once/1.4.0:
    resolution: {integrity: sha1-WDsap3WWHUsROsF9nFC6753Xa9E=}
    dependencies:
      wrappy: 1.0.2
    dev: true

  /p-limit/3.1.0:
    resolution: {integrity: sha512-TYOanM3wGwNGsZN2cVTYPArw454xnXj5qmWF1bEoAc4+cU/ol7GVh7odevjp1FNHduHc3KZMcFduxU5Xc6uJRQ==}
    engines: {node: '>=10'}
    dependencies:
      yocto-queue: 0.1.0
    dev: true

  /p-locate/5.0.0:
    resolution: {integrity: sha512-LaNjtRWUBY++zB5nE/NwcaoMylSPk+S+ZHNB1TzdbMJMny6dynpAGt7X/tl/QYq3TIeE6nxHppbo2LGymrG5Pw==}
    engines: {node: '>=10'}
    dependencies:
      p-limit: 3.1.0
    dev: true

  /path-exists/4.0.0:
    resolution: {integrity: sha512-ak9Qy5Q7jYb2Wwcey5Fpvg2KoAc/ZIhLSLOSBmRmygPsGwkVVt0fZa0qrtMz+m6tJTAHfZQ8FnmB4MG4LWy7/w==}
    engines: {node: '>=8'}
    dev: true

  /path-is-absolute/1.0.1:
    resolution: {integrity: sha1-F0uSaHNVNP+8es5r9TpanhtcX18=}
    engines: {node: '>=0.10.0'}
    dev: true

  /path-key/3.1.1:
    resolution: {integrity: sha512-ojmeN0qd+y0jszEtoY48r0Peq5dwMEkIlCOu6Q5f41lfkswXuKtYrhgoTpLnyIcHm24Uhqx+5Tqm2InSwLhE6Q==}
    engines: {node: '>=8'}
    dev: true

  /path-parse/1.0.7:
    resolution: {integrity: sha512-LDJzPVEEEPR+y48z93A0Ed0yXb8pAByGWo/k5YYdYgpY2/2EsOsksJrq7lOHxryrVOn1ejG6oAp8ahvOIQD8sw==}
    dev: true

  /picomatch/2.3.1:
    resolution: {integrity: sha512-JU3teHTNjmE2VCGFzuY8EXzCDVwEqB2a8fsIvwaStHhAWJEeVd1o1QD80CU6+ZdEXXSLbSsuLwJjkCBWqRQUVA==}
    engines: {node: '>=8.6'}
    dev: true

  /regexparam/2.0.0:
    resolution: {integrity: sha512-gJKwd2MVPWHAIFLsaYDZfyKzHNS4o7E/v8YmNf44vmeV2e4YfVoDToTOKTvE7ab68cRJ++kLuEXJBaEeJVt5ow==}
    engines: {node: '>=8'}
    dev: true

  /require-directory/2.1.1:
    resolution: {integrity: sha1-jGStX9MNqxyXbiNE/+f3kqam30I=}
    engines: {node: '>=0.10.0'}
    dev: true

  /resolve/1.22.0:
    resolution: {integrity: sha512-Hhtrw0nLeSrFQ7phPp4OOcVjLPIeMnRlr5mcnVuMe7M/7eBn98A3hmFRLoFo3DLZkivSYwhRUJTyPyWAk56WLw==}
    hasBin: true
    dependencies:
      is-core-module: 2.8.1
      path-parse: 1.0.7
      supports-preserve-symlinks-flag: 1.0.0
    dev: true

  /rimraf/3.0.2:
    resolution: {integrity: sha512-JZkJMZkAGFFPP2YqXZXPbMlMBgsxzE8ILs4lMIX/2o0L9UBw9O/Y3o6wFw/i9YLapcUJWwqbi3kdxIPdC62TIA==}
    hasBin: true
    dependencies:
      glob: 7.2.0
    dev: true

  /rollup/2.66.1:
    resolution: {integrity: sha512-crSgLhSkLMnKr4s9iZ/1qJCplgAgrRY+igWv8KhG/AjKOJ0YX/WpmANyn8oxrw+zenF3BXWDLa7Xl/QZISH+7w==}
    engines: {node: '>=10.0.0'}
    hasBin: true
    optionalDependencies:
      fsevents: 2.3.2
    dev: true

  /sade/1.8.1:
    resolution: {integrity: sha512-xal3CZX1Xlo/k4ApwCFrHVACi9fBqJ7V+mwhBsuf/1IOKbBy098Fex+Wa/5QMubw09pSZ/u8EY8PWgevJsXp1A==}
    engines: {node: '>=6'}
    dependencies:
      mri: 1.2.0
    dev: true

  /safe-buffer/5.1.2:
    resolution: {integrity: sha512-Gd2UZBJDkXlY7GbJxfsE8/nvKkUEU1G38c1siN6QP6a9PT9MmHB8GnpscSmMJSoF8LOIrt8ud/wPtojys4G6+g==}
    dev: true

  /semver/6.3.0:
    resolution: {integrity: sha512-b39TBaTSfV6yBrapU89p5fKekE2m/NwnDocOVruQFS1/veMgdzuPcnOM34M6CwxW8jH/lxEa5rBoDeUwu5HHTw==}
    hasBin: true
    dev: true

  /shebang-command/2.0.0:
    resolution: {integrity: sha512-kHxr2zZpYtdmrN1qDjrrX/Z1rR1kG8Dx+gkpK1G4eXmvXswmcE1hTWBWYUzlraYw1/yZp6YuDY77YtvbN0dmDA==}
    engines: {node: '>=8'}
    dependencies:
      shebang-regex: 3.0.0
    dev: true

  /shebang-regex/3.0.0:
    resolution: {integrity: sha512-7++dFhtcx3353uBaq8DDR4NuxBetBzC7ZQOhmTQInHEd6bSrXdiEyzCvG07Z44UYdLShWUyXt5M/yhz8ekcb1A==}
    engines: {node: '>=8'}
    dev: true

  /signal-exit/3.0.6:
    resolution: {integrity: sha512-sDl4qMFpijcGw22U5w63KmD3cZJfBuFlVNbVMKje2keoKML7X2UzWbc4XrmEbDwg0NXJc3yv4/ox7b+JWb57kQ==}
    dev: true

  /source-map/0.7.3:
    resolution: {integrity: sha512-CkCj6giN3S+n9qrYiBTX5gystlENnRW5jZeNLHpe6aue+SrHcG5VYwujhW9s4dY31mEGsxBDrHR6oI69fTXsaQ==}
    engines: {node: '>= 8'}
    dev: true

  /string-width/4.2.3:
    resolution: {integrity: sha512-wKyQRQpjJ0sIp62ErSZdGsjMJWsap5oRNihHhu6G7JVO/9jIB6UyevL+tXuOqrng8j/cxKTWyWUwvSTriiZz/g==}
    engines: {node: '>=8'}
    dependencies:
      emoji-regex: 8.0.0
      is-fullwidth-code-point: 3.0.0
      strip-ansi: 6.0.1
    dev: true

  /strip-ansi/6.0.1:
    resolution: {integrity: sha512-Y38VPSHcqkFrCpFnQ9vuSXmquuv5oXOKpGeT6aGrr3o3Gc9AlVa6JBfUSOCnbxGGZF+/0ooI7KrPuUSztUdU5A==}
    engines: {node: '>=8'}
    dependencies:
      ansi-regex: 5.0.1
    dev: true

  /supertest-fetch/1.5.0:
    resolution: {integrity: sha512-B4hy3WLbRQiRqoJR1eKN9E1MdZZeeeHe/ARAjYhwpP6i1XcZJI7Yt9jTYJO6Tj6o2/SvZbxsI05c3XheuTfR6w==}
    dependencies:
      '@types/express': 4.17.13
      '@types/node-fetch': 2.5.12
      node-fetch: 2.6.7
    transitivePeerDependencies:
      - encoding
    dev: true

  /supports-color/7.2.0:
    resolution: {integrity: sha512-qpCAvRl9stuOHveKsn7HncJRvv501qIacKzQlO/+Lwxc9+0q2wLyv4Dfvt80/DPn2pqOBsJdDiogXGR9+OvwRw==}
    engines: {node: '>=8'}
    dependencies:
      has-flag: 4.0.0
    dev: true

  /supports-preserve-symlinks-flag/1.0.0:
    resolution: {integrity: sha512-ot0WnXS9fgdkgIcePe6RHNk1WA8+muPa6cSjeR3V8K27q9BB1rTE3R1p7Hv0z1ZyAc8s6Vvv8DIyWf681MAt0w==}
    engines: {node: '>= 0.4'}
    dev: true

  /test-exclude/6.0.0:
    resolution: {integrity: sha512-cAGWPIyOHU6zlmg88jwm7VRyXnMN7iV68OGAbYDk/Mh/xC/pzVPlQtY6ngoIH/5/tciuhGfvESU8GrHrcxD56w==}
    engines: {node: '>=8'}
    dependencies:
      '@istanbuljs/schema': 0.1.3
      glob: 7.2.0
      minimatch: 3.0.4
    dev: true

  /tr46/0.0.3:
    resolution: {integrity: sha1-gYT9NH2snNwYWZLzpmIuFLnZq2o=}
    dev: true

  /tslib/2.3.1:
    resolution: {integrity: sha512-77EbyPPpMz+FRFRuAFlWMtmgUWGe9UOG2Z25NqCwiIjRhOf5iKGuzSe5P2w1laq+FkRy4p+PCuVkJSGkzTEKVw==}
    dev: true

  /typescript/4.5.5:
    resolution: {integrity: sha512-TCTIul70LyWe6IJWT8QSYeA54WQe8EjQFU4wY52Fasj5UKx88LNYKCgBEHcOMOrFF1rKGbD8v/xcNWVUq9SymA==}
    engines: {node: '>=4.2.0'}
    hasBin: true
    dev: true

  /uvu/0.5.3:
    resolution: {integrity: sha512-brFwqA3FXzilmtnIyJ+CxdkInkY/i4ErvP7uV0DnUVxQcQ55reuHphorpF+tZoVHK2MniZ/VJzI7zJQoc9T9Yw==}
    engines: {node: '>=8'}
    hasBin: true
    dependencies:
      dequal: 2.0.2
      diff: 5.0.0
      kleur: 4.1.4
      sade: 1.8.1
    dev: true

  /v8-to-istanbul/8.1.1:
    resolution: {integrity: sha512-FGtKtv3xIpR6BYhvgH8MI/y78oT7d8Au3ww4QIxymrCtZEh5b8gCw2siywE+puhEmuWKDtmfrvF5UlB298ut3w==}
    engines: {node: '>=10.12.0'}
    dependencies:
      '@types/istanbul-lib-coverage': 2.0.4
      convert-source-map: 1.8.0
      source-map: 0.7.3
    dev: true

  /webidl-conversions/3.0.1:
    resolution: {integrity: sha1-JFNCdeKnvGvnvIZhHMFq4KVlSHE=}
    dev: true

  /whatwg-url/5.0.0:
    resolution: {integrity: sha1-lmRU6HZUYuN2RNNib2dCzotwll0=}
    dependencies:
      tr46: 0.0.3
      webidl-conversions: 3.0.1
    dev: true

  /which/2.0.2:
    resolution: {integrity: sha512-BLI3Tl1TW3Pvl70l3yq3Y64i+awpwXqsGBYWkkqMtnbXgrMD+yj7rhW0kuEDxzJaYXGjEW5ogapKNMEKNMjibA==}
    engines: {node: '>= 8'}
    hasBin: true
    dependencies:
      isexe: 2.0.0
    dev: true

  /wrap-ansi/7.0.0:
    resolution: {integrity: sha512-YVGIj2kamLSTxw6NsZjoBxfSwsn0ycdesmc4p+Q21c5zPuZ1pl+NfxVdxPtdHvmNVOQ6XSYG4AUtyt/Fi7D16Q==}
    engines: {node: '>=10'}
    dependencies:
      ansi-styles: 4.3.0
      string-width: 4.2.3
      strip-ansi: 6.0.1
    dev: true

  /wrappy/1.0.2:
    resolution: {integrity: sha1-tSQ9jz7BqjXxNkYFvA0QNuMKtp8=}
    dev: true

  /y18n/5.0.8:
    resolution: {integrity: sha512-0pfFzegeDWJHJIAmTLRP2DwHjdF5s7jo9tuztdQxAhINCdvS+3nGINqPd00AphqJR/0LhANUS6/+7SCb98YOfA==}
    engines: {node: '>=10'}
    dev: true

  /yargs-parser/20.2.9:
    resolution: {integrity: sha512-y11nGElTIV+CT3Zv9t7VKl+Q3hTQoT9a1Qzezhhl6Rp21gJ/IVTW7Z3y9EWXhuUBC2Shnf+DX0antecpAwSP8w==}
    engines: {node: '>=10'}
    dev: true

  /yargs/16.2.0:
    resolution: {integrity: sha512-D1mvvtDG0L5ft/jGWkLpG1+m0eQxOfaBvTNELraWj22wSVUMWxZUvYgJYcKh6jGGIkJFhH4IZPQhR4TKpc8mBw==}
    engines: {node: '>=10'}
    dependencies:
      cliui: 7.0.4
      escalade: 3.1.1
      get-caller-file: 2.0.5
      require-directory: 2.1.1
      string-width: 4.2.3
      y18n: 5.0.8
      yargs-parser: 20.2.9
    dev: true

  /yocto-queue/0.1.0:
    resolution: {integrity: sha512-rVksvsnNCdJ/ohGc6xgPwyN8eheCxsiLM8mxuE/t/mOVqJewPuO1miLpTHQiRgTKCLexL4MeAFVagts7HmNZ2Q==}
    engines: {node: '>=10'}
    dev: true
