dependencies:
  '@tinyhttp/app': 0.4.10
lockfileVersion: 5.1
packages:
  /@tinyhttp/accepts/0.4.2:
    dependencies:
      es-mime-types: 0.0.16
      negotiator: 0.6.2
    dev: false
    engines:
      node: '>=12.4.0'
    resolution:
      integrity: sha512-9YvKUtbeQM6fFK7+QLztdgP7pM5FPv04b0LI5jLSDwOBkdLkq+ah6NbcibEHXZvttgWZngtUQRgj31B+I8W4FA==
  /@tinyhttp/app/0.4.10:
    dependencies:
      '@tinyhttp/cookie': 0.4.0
      '@tinyhttp/req': 0.4.2
      '@tinyhttp/res': 0.4.5
      '@tinyhttp/router': 0.4.0
      proxy-addr: 2.0.6
    dev: false
    engines:
      node: '>=12.x'
    resolution:
      integrity: sha512-gnF7kgygKGP+i/FIa5qKGFy392t9WsV2BjZxcOXL+xZfZr0xEOfydjtNBS7BM0KyV/W6+LO74SgzvncOvlvsxA==
  /@tinyhttp/content-disposition/0.4.0:
    dev: false
    engines:
      node: '>=12.4.0'
    resolution:
      integrity: sha512-0tn+Jy0fgvM4o24uZEpRbC9AhsGD5MHpn+j45CSnaNd4huaXGoCmTh25bQSqcSJHKQKXYu6DAs1y6c/cZj+XSw==
  /@tinyhttp/cookie-signature/0.4.0:
    dev: false
    engines:
      node: '>=12.4.0'
    resolution:
      integrity: sha512-7LF13vQway7KM+VuKviW0Ejh1g18BJsF5P44u8Et4xk8OrgsC79YMGcHGsso0x6LKh5Mw5ZKRWZrcZa86XTgvw==
  /@tinyhttp/cookie/0.4.0:
    dev: false
    engines:
      node: '>=12.4.0'
    resolution:
      integrity: sha512-EzBodM4LF+sN1w5A8/goJ2tJHlN3kxthmVmZeaJCuAPJ5Whkhw81UvOuxK7TGFjNls+K1rZSltER/Wl4bRClhA==
  /@tinyhttp/etag/0.4.0:
    dev: false
    engines:
      node: '>=12.4.0'
    resolution:
      integrity: sha512-E22YQ22eZLD3qGawz9JxdBlsFSoe4VI2nkOIC+8/dpkw955O/CA3+2eV+klWZ2qDFxOH1L+LVqkMIWg7qurrYQ==
  /@tinyhttp/req/0.4.2:
    dependencies:
      '@tinyhttp/accepts': 0.4.2
      '@tinyhttp/type-is': 0.4.0
      '@tinyhttp/url': 0.4.0
      es-fresh: 0.0.8
      range-parser: 1.2.1
    dev: false
    engines:
      node: '>=12.4.0'
    resolution:
      integrity: sha512-NEc5mwQOXeDh72Cu5XBB8gWomSEqjKqokxi0HgS7W3MqXRT3suuZMcbpLjgXYRXCAlQsE8iGJA15clcOulKN7w==
  /@tinyhttp/res/0.4.5:
    dependencies:
      '@tinyhttp/content-disposition': 0.4.0
      '@tinyhttp/cookie': 0.4.0
      '@tinyhttp/cookie-signature': 0.4.0
      '@tinyhttp/req': 0.4.2
      '@tinyhttp/send': 0.4.3
      es-mime-types: 0.0.16
      es-vary: 0.0.7
      escape-html: 1.0.3
    dev: false
    engines:
      node: '>=12.4.0'
    resolution:
      integrity: sha512-ikWlOnpE8sGs3BDfkTirVS+7LaeEVZG5M4idUbJoXkjJOWcTtHzHeONzMO3HJnxehUxGw6Mi2r2SPGMPMwAsrQ==
  /@tinyhttp/router/0.4.0:
    dev: false
    engines:
      node: '>=12.4.0'
    resolution:
      integrity: sha512-82vr6KiAOsPzy3pMN7QmyONzVpKzl3MA5Q0FsG3DMCF1td4kcITEve+PT6RlnzYiBk0IfR3FPc3hhYq8SSzE7A==
  /@tinyhttp/send/0.4.3:
    dependencies:
      '@tinyhttp/etag': 0.4.0
      es-content-type: 0.0.10
      es-mime-types: 0.0.16
    dev: false
    engines:
      node: '>=12.4.0'
    resolution:
      integrity: sha512-/dzJFVsvI1Sk8aVaJUf+rtggmIx+uzrkDaGT8ukKdCd1xNgF6b5T2kmy3zvbG1so8wCTowqQJTurQ5JLProosw==
  /@tinyhttp/type-is/0.4.0:
    dependencies:
      es-mime-types: 0.0.16
      media-typer: 1.1.0
    dev: false
    engines:
      node: '>=12.4.0'
    resolution:
      integrity: sha512-GcyxnrBKeHCnN5ahUtTGQ5kftnH0blC7pZCx8tMMvtQwoSmaVgtwESXFnuCpKeN4F8+EMtcOsRTCb0ed06mOAQ==
  /@tinyhttp/url/0.4.0:
    dependencies:
      regexparam: 1.3.0
    dev: false
    engines:
      node: '>=12.4.0'
    resolution:
      integrity: sha512-MBDRuuvmtKsngwhKNUoitmZhXK7iBa+iKg50vggVMWrxnFU2CRBuTUAxOZFFR28Bc1Pjpbzh2vf31litI7C9RQ==
  /es-content-type/0.0.10:
    dev: false
    engines:
      node: '>=12.x'
    resolution:
      integrity: sha512-yCgcv1M2IuFUoGZ3zE4OR2INGmZOwEuyaE5WX4MOKGpJcO8JXgVOIcXVicwnTqlxvx6qs9IJGl/Rr1+YtCkRgg==
  /es-fresh/0.0.8:
    dev: false
    engines:
      node: '>=12.x'
    resolution:
      integrity: sha512-ZM+K/T/zHJVuOhaz19iymidACazB1fl2uihBtSfRie8YzN1YM+KldVmNaU+GSmVvTOPSO2utKOhxcOinr5tKjw==
  /es-mime-types/0.0.16:
    dependencies:
      mime-db: 1.45.0
    dev: false
    engines:
      node: '>=12.x'
    resolution:
      integrity: sha512-84QoSLeA7cdTeHpALFNl3ZOstXfvLt426/kaOgmSxmNUOhi4GesKVkhJgIfnsqGNziYezVA8rvZUsXj7oWX2qQ==
  /es-vary/0.0.7:
    dev: false
    engines:
      node: '>=12.x'
    resolution:
      integrity: sha512-1L1nS8bQLo7cwPldRinpHfXFIsGDvHJ5LUdhlnprSAZz7F5xxtoJGAQZCpVQdKBpQMv9AKchwHuMIu85o0Z2Aw==
  /escape-html/1.0.3:
    dev: false
    resolution:
      integrity: sha1-Aljq5NPQwJdN4cFpGI7wBR0dGYg=
  /forwarded/0.1.2:
    dev: false
    engines:
      node: '>= 0.6'
    resolution:
      integrity: sha1-mMI9qxF1ZXuMBXPozszZGw/xjIQ=
  /ipaddr.js/1.9.1:
    dev: false
    engines:
      node: '>= 0.10'
    resolution:
      integrity: sha512-0KI/607xoxSToH7GjN1FfSbLoU0+btTicjsQSWQlh/hZykN8KpmMf7uYwPW3R+akZ6R/w18ZlXSHBYXiYUPO3g==
  /media-typer/1.1.0:
    dev: false
    engines:
      node: '>= 0.8'
    resolution:
      integrity: sha512-aisnrDP4GNe06UcKFnV5bfMNPBUw4jsLGaWwWfnH3v02GnBuXX2MCVn5RbrWo0j3pczUilYblq7fQ7Nw2t5XKw==
  /mime-db/1.45.0:
    dev: false
    engines:
      node: '>= 0.6'
    resolution:
      integrity: sha512-CkqLUxUk15hofLoLyljJSrukZi8mAtgd+yE5uO4tqRZsdsAJKv0O+rFMhVDRJgozy+yG6md5KwuXhD4ocIoP+w==
  /negotiator/0.6.2:
    dev: false
    engines:
      node: '>= 0.6'
    resolution:
      integrity: sha512-hZXc7K2e+PgeI1eDBe/10Ard4ekbfrrqG8Ep+8Jmf4JID2bNg7NvCPOZN+kfF574pFQI7mum2AUqDidoKqcTOw==
  /proxy-addr/2.0.6:
    dependencies:
      forwarded: 0.1.2
      ipaddr.js: 1.9.1
    dev: false
    engines:
      node: '>= 0.10'
    resolution:
      integrity: sha512-dh/frvCBVmSsDYzw6n926jv974gddhkFPfiN8hPOi30Wax25QZyZEGveluCgliBnqmuM+UJmBErbAUFIoDbjOw==
  /range-parser/1.2.1:
    dev: false
    engines:
      node: '>= 0.6'
    resolution:
      integrity: sha512-Hrgsx+orqoygnmhFbKaHE6c296J+HTAQXoxEF6gNupROmmGJRoyzfG3ccAveqCBrwr/2yxQ5BVd/GTl5agOwSg==
  /regexparam/1.3.0:
    dev: false
    engines:
      node: '>=6'
    resolution:
      integrity: sha512-6IQpFBv6e5vz1QAqI+V4k8P2e/3gRrqfCJ9FI+O1FLQTO+Uz6RXZEZOPmTJ6hlGj7gkERzY5BRCv09whKP96/g==
specifiers:
  '@tinyhttp/app': ^0.4.10
